
Microsoft Visual Studio Solution File, Format Version 12.00
# Visual Studio Version 17
VisualStudioVersion = 17.7.34024.191
MinimumVisualStudioVersion = 10.0.40219.1
Project("{FAE04EC0-301F-11D3-BF4B-00C04F79EFBC}") = "SoapApplication", "SoapApplication.csproj", "{7FB27194-E319-4552-919F-A162F7346E8E}"
EndProject
Global
	GlobalSection(SolutionConfigurationPlatforms) = preSolution
		Debug|Any CPU = Debug|Any CPU
		Release|Any CPU = Release|Any CPU
	EndGlobalSection
	GlobalSection(ProjectConfigurationPlatforms) = postSolution
		{7FB27194-E319-4552-919F-A162F7346E8E}.Debug|Any CPU.ActiveCfg = Debug|Any CPU
		{7FB27194-E319-4552-919F-A162F7346E8E}.Debug|Any CPU.Build.0 = Debug|Any CPU
		{7FB27194-E319-4552-919F-A162F7346E8E}.Release|Any CPU.ActiveCfg = Release|Any CPU
		{7FB27194-E319-4552-919F-A162F7346E8E}.Release|Any CPU.Build.0 = Release|Any CPU
	EndGlobalSection
	GlobalSection(SolutionProperties) = preSolution
		HideSolutionNode = FALSE
	EndGlobalSection
	GlobalSection(ExtensibilityGlobals) = postSolution
		SolutionGuid = {EA100C99-5BCD-4EC1-AED1-AB5BF62724ED}
	EndGlobalSection
EndGlobal
