
Microsoft Visual Studio Solution File, Format Version 12.00
# Visual Studio Version 17
VisualStudioVersion = 17.7.34024.191
MinimumVisualStudioVersion = 10.0.40219.1
Project("{FAE04EC0-301F-11D3-BF4B-00C04F79EFBC}") = "newreaderfile", "newreaderfile.csproj", "{253C6351-7107-4B2E-9C96-28D689CAF981}"
EndProject
Global
	GlobalSection(SolutionConfigurationPlatforms) = preSolution
		Debug|Any CPU = Debug|Any CPU
		Release|Any CPU = Release|Any CPU
	EndGlobalSection
	GlobalSection(ProjectConfigurationPlatforms) = postSolution
		{253C6351-7107-4B2E-9C96-28D689CAF981}.Debug|Any CPU.ActiveCfg = Debug|Any CPU
		{253C6351-7107-4B2E-9C96-28D689CAF981}.Debug|Any CPU.Build.0 = Debug|Any CPU
		{253C6351-7107-4B2E-9C96-28D689CAF981}.Release|Any CPU.ActiveCfg = Release|Any CPU
		{253C6351-7107-4B2E-9C96-28D689CAF981}.Release|Any CPU.Build.0 = Release|Any CPU
	EndGlobalSection
	GlobalSection(SolutionProperties) = preSolution
		HideSolutionNode = FALSE
	EndGlobalSection
	GlobalSection(ExtensibilityGlobals) = postSolution
		SolutionGuid = {74AE6B40-4100-487E-9A92-9D790A7B7A55}
	EndGlobalSection
EndGlobal
