
Microsoft Visual Studio Solution File, Format Version 12.00
# Visual Studio Version 17
VisualStudioVersion = 17.7.34024.191
MinimumVisualStudioVersion = 10.0.40219.1
Project("{FAE04EC0-301F-11D3-BF4B-00C04F79EFBC}") = "Sharepoint", "Sharepoint.csproj", "{83B4336D-085D-4763-9898-9587EF630BF0}"
EndProject
Global
	GlobalSection(SolutionConfigurationPlatforms) = preSolution
		Debug|Any CPU = Debug|Any CPU
		Release|Any CPU = Release|Any CPU
	EndGlobalSection
	GlobalSection(ProjectConfigurationPlatforms) = postSolution
		{83B4336D-085D-4763-9898-9587EF630BF0}.Debug|Any CPU.ActiveCfg = Debug|Any CPU
		{83B4336D-085D-4763-9898-9587EF630BF0}.Debug|Any CPU.Build.0 = Debug|Any CPU
		{83B4336D-085D-4763-9898-9587EF630BF0}.Release|Any CPU.ActiveCfg = Release|Any CPU
		{83B4336D-085D-4763-9898-9587EF630BF0}.Release|Any CPU.Build.0 = Release|Any CPU
	EndGlobalSection
	GlobalSection(SolutionProperties) = preSolution
		HideSolutionNode = FALSE
	EndGlobalSection
	GlobalSection(ExtensibilityGlobals) = postSolution
		SolutionGuid = {5A6BDB51-3A53-46A9-A583-817CBC8EDD91}
	EndGlobalSection
EndGlobal
