
Microsoft Visual Studio Solution File, Format Version 12.00
# Visual Studio Version 17
VisualStudioVersion = 17.7.34024.191
MinimumVisualStudioVersion = 10.0.40219.1
Project("{FAE04EC0-301F-11D3-BF4B-00C04F79EFBC}") = "Day10", "Day10.csproj", "{80941DC5-F6B8-44FB-9929-A64133FAB054}"
EndProject
Global
	GlobalSection(SolutionConfigurationPlatforms) = preSolution
		Debug|Any CPU = Debug|Any CPU
		Release|Any CPU = Release|Any CPU
	EndGlobalSection
	GlobalSection(ProjectConfigurationPlatforms) = postSolution
		{80941DC5-F6B8-44FB-9929-A64133FAB054}.Debug|Any CPU.ActiveCfg = Debug|Any CPU
		{80941DC5-F6B8-44FB-9929-A64133FAB054}.Debug|Any CPU.Build.0 = Debug|Any CPU
		{80941DC5-F6B8-44FB-9929-A64133FAB054}.Release|Any CPU.ActiveCfg = Release|Any CPU
		{80941DC5-F6B8-44FB-9929-A64133FAB054}.Release|Any CPU.Build.0 = Release|Any CPU
	EndGlobalSection
	GlobalSection(SolutionProperties) = preSolution
		HideSolutionNode = FALSE
	EndGlobalSection
	GlobalSection(ExtensibilityGlobals) = postSolution
		SolutionGuid = {44E4919F-CF9B-49D9-8D94-F1ED29023800}
	EndGlobalSection
EndGlobal
