
Microsoft Visual Studio Solution File, Format Version 12.00
# Visual Studio Version 17
VisualStudioVersion = 17.7.34024.191
MinimumVisualStudioVersion = 10.0.40219.1
Project("{FAE04EC0-301F-11D3-BF4B-00C04F79EFBC}") = "SQLCommand", "SQLCommand.csproj", "{C3C6D2D7-4AC7-4025-9B39-33EA39667450}"
EndProject
Global
	GlobalSection(SolutionConfigurationPlatforms) = preSolution
		Debug|Any CPU = Debug|Any CPU
		Release|Any CPU = Release|Any CPU
	EndGlobalSection
	GlobalSection(ProjectConfigurationPlatforms) = postSolution
		{C3C6D2D7-4AC7-4025-9B39-33EA39667450}.Debug|Any CPU.ActiveCfg = Debug|Any CPU
		{C3C6D2D7-4AC7-4025-9B39-33EA39667450}.Debug|Any CPU.Build.0 = Debug|Any CPU
		{C3C6D2D7-4AC7-4025-9B39-33EA39667450}.Release|Any CPU.ActiveCfg = Release|Any CPU
		{C3C6D2D7-4AC7-4025-9B39-33EA39667450}.Release|Any CPU.Build.0 = Release|Any CPU
	EndGlobalSection
	GlobalSection(SolutionProperties) = preSolution
		HideSolutionNode = FALSE
	EndGlobalSection
	GlobalSection(ExtensibilityGlobals) = postSolution
		SolutionGuid = {61F46CB5-D72D-4B6F-955F-029601D496AA}
	EndGlobalSection
EndGlobal
