
Microsoft Visual Studio Solution File, Format Version 12.00
# Visual Studio Version 17
VisualStudioVersion = 17.7.34024.191
MinimumVisualStudioVersion = 10.0.40219.1
Project("{FAE04EC0-301F-11D3-BF4B-00C04F79EFBC}") = "E-commerce system", "E-commerce system.csproj", "{6E36581C-5062-4099-9C2E-B54C2929A5F8}"
EndProject
Global
	GlobalSection(SolutionConfigurationPlatforms) = preSolution
		Debug|Any CPU = Debug|Any CPU
		Release|Any CPU = Release|Any CPU
	EndGlobalSection
	GlobalSection(ProjectConfigurationPlatforms) = postSolution
		{6E36581C-5062-4099-9C2E-B54C2929A5F8}.Debug|Any CPU.ActiveCfg = Debug|Any CPU
		{6E36581C-5062-4099-9C2E-B54C2929A5F8}.Debug|Any CPU.Build.0 = Debug|Any CPU
		{6E36581C-5062-4099-9C2E-B54C2929A5F8}.Release|Any CPU.ActiveCfg = Release|Any CPU
		{6E36581C-5062-4099-9C2E-B54C2929A5F8}.Release|Any CPU.Build.0 = Release|Any CPU
	EndGlobalSection
	GlobalSection(SolutionProperties) = preSolution
		HideSolutionNode = FALSE
	EndGlobalSection
	GlobalSection(ExtensibilityGlobals) = postSolution
		SolutionGuid = {0BB73674-B837-44D0-B068-CAB906E69206}
	EndGlobalSection
EndGlobal
