
Microsoft Visual Studio Solution File, Format Version 12.00
# Visual Studio Version 17
VisualStudioVersion = 17.7.34024.191
MinimumVisualStudioVersion = 10.0.40219.1
Project("{FAE04EC0-301F-11D3-BF4B-00C04F79EFBC}") = "SquarePattern", "SquarePattern\SquarePattern.csproj", "{6ADF6056-245E-4B91-8575-52EE11462A0A}"
EndProject
Global
	GlobalSection(SolutionConfigurationPlatforms) = preSolution
		Debug|Any CPU = Debug|Any CPU
		Release|Any CPU = Release|Any CPU
	EndGlobalSection
	GlobalSection(ProjectConfigurationPlatforms) = postSolution
		{6ADF6056-245E-4B91-8575-52EE11462A0A}.Debug|Any CPU.ActiveCfg = Debug|Any CPU
		{6ADF6056-245E-4B91-8575-52EE11462A0A}.Debug|Any CPU.Build.0 = Debug|Any CPU
		{6ADF6056-245E-4B91-8575-52EE11462A0A}.Release|Any CPU.ActiveCfg = Release|Any CPU
		{6ADF6056-245E-4B91-8575-52EE11462A0A}.Release|Any CPU.Build.0 = Release|Any CPU
	EndGlobalSection
	GlobalSection(SolutionProperties) = preSolution
		HideSolutionNode = FALSE
	EndGlobalSection
	GlobalSection(ExtensibilityGlobals) = postSolution
		SolutionGuid = {DD190F08-122E-438F-803D-8A4B34EE0441}
	EndGlobalSection
EndGlobal
