
Microsoft Visual Studio Solution File, Format Version 12.00
# Visual Studio Version 17
VisualStudioVersion = 17.7.34024.191
MinimumVisualStudioVersion = 10.0.40219.1
Project("{FAE04EC0-301F-11D3-BF4B-00C04F79EFBC}") = "ServiceNowApi", "ServiceNowApi.csproj", "{57C77FB0-ECC3-4517-950B-2EE64FFB83FB}"
EndProject
Global
	GlobalSection(SolutionConfigurationPlatforms) = preSolution
		Debug|Any CPU = Debug|Any CPU
		Release|Any CPU = Release|Any CPU
	EndGlobalSection
	GlobalSection(ProjectConfigurationPlatforms) = postSolution
		{57C77FB0-ECC3-4517-950B-2EE64FFB83FB}.Debug|Any CPU.ActiveCfg = Debug|Any CPU
		{57C77FB0-ECC3-4517-950B-2EE64FFB83FB}.Debug|Any CPU.Build.0 = Debug|Any CPU
		{57C77FB0-ECC3-4517-950B-2EE64FFB83FB}.Release|Any CPU.ActiveCfg = Release|Any CPU
		{57C77FB0-ECC3-4517-950B-2EE64FFB83FB}.Release|Any CPU.Build.0 = Release|Any CPU
	EndGlobalSection
	GlobalSection(SolutionProperties) = preSolution
		HideSolutionNode = FALSE
	EndGlobalSection
	GlobalSection(ExtensibilityGlobals) = postSolution
		SolutionGuid = {F452E35C-C5D2-4B8F-8106-E22BD0442AED}
	EndGlobalSection
EndGlobal
