
Microsoft Visual Studio Solution File, Format Version 12.00
# Visual Studio Version 17
VisualStudioVersion = 17.7.34024.191
MinimumVisualStudioVersion = 10.0.40219.1
Project("{FAE04EC0-301F-11D3-BF4B-00C04F79EFBC}") = "Addition2Darray", "Addition2Darray\Addition2Darray.csproj", "{BA62B54D-3E5A-474A-8AD3-45015A447278}"
EndProject
Global
	GlobalSection(SolutionConfigurationPlatforms) = preSolution
		Debug|Any CPU = Debug|Any CPU
		Release|Any CPU = Release|Any CPU
	EndGlobalSection
	GlobalSection(ProjectConfigurationPlatforms) = postSolution
		{BA62B54D-3E5A-474A-8AD3-45015A447278}.Debug|Any CPU.ActiveCfg = Debug|Any CPU
		{BA62B54D-3E5A-474A-8AD3-45015A447278}.Debug|Any CPU.Build.0 = Debug|Any CPU
		{BA62B54D-3E5A-474A-8AD3-45015A447278}.Release|Any CPU.ActiveCfg = Release|Any CPU
		{BA62B54D-3E5A-474A-8AD3-45015A447278}.Release|Any CPU.Build.0 = Release|Any CPU
	EndGlobalSection
	GlobalSection(SolutionProperties) = preSolution
		HideSolutionNode = FALSE
	EndGlobalSection
	GlobalSection(ExtensibilityGlobals) = postSolution
		SolutionGuid = {20A04366-A48A-48FC-9D74-D203A1F6DB5F}
	EndGlobalSection
EndGlobal
