
Microsoft Visual Studio Solution File, Format Version 12.00
# Visual Studio Version 17
VisualStudioVersion = 17.7.34024.191
MinimumVisualStudioVersion = 10.0.40219.1
Project("{FAE04EC0-301F-11D3-BF4B-00C04F79EFBC}") = "Inheritance Problem", "Inheritance Problem.csproj", "{405CA0CC-D31C-490C-AE25-9B4C23900460}"
EndProject
Global
	GlobalSection(SolutionConfigurationPlatforms) = preSolution
		Debug|Any CPU = Debug|Any CPU
		Release|Any CPU = Release|Any CPU
	EndGlobalSection
	GlobalSection(ProjectConfigurationPlatforms) = postSolution
		{405CA0CC-D31C-490C-AE25-9B4C23900460}.Debug|Any CPU.ActiveCfg = Debug|Any CPU
		{405CA0CC-D31C-490C-AE25-9B4C23900460}.Debug|Any CPU.Build.0 = Debug|Any CPU
		{405CA0CC-D31C-490C-AE25-9B4C23900460}.Release|Any CPU.ActiveCfg = Release|Any CPU
		{405CA0CC-D31C-490C-AE25-9B4C23900460}.Release|Any CPU.Build.0 = Release|Any CPU
	EndGlobalSection
	GlobalSection(SolutionProperties) = preSolution
		HideSolutionNode = FALSE
	EndGlobalSection
	GlobalSection(ExtensibilityGlobals) = postSolution
		SolutionGuid = {E6490A88-C8A3-4EBC-B7DF-EF495D272E8F}
	EndGlobalSection
EndGlobal
